
Microsoft Visual Studio Solution File, Format Version 12.00
# Visual Studio 2013
VisualStudioVersion = 12.0.31101.0
MinimumVisualStudioVersion = 10.0.40219.1
Project("{FAE04EC0-301F-11D3-BF4B-00C04F79EFBC}") = "PluginFramework", "PluginFramework\PluginFramework.csproj", "{5B1A0B4B-CF48-4095-B3F0-E1CB6229A2AF}"
EndProject
Project("{FAE04EC0-301F-11D3-BF4B-00C04F79EFBC}") = "Web.Portal", "Web.Portal\Web.Portal.csproj", "{C06F50CB-BEA4-43DE-9A13-2A48BFBC4723}"
EndProject
Project("{FAE04EC0-301F-11D3-BF4B-00C04F79EFBC}") = "PluginFramework.UI", "PluginFramework.UI\PluginFramework.UI.csproj", "{4F64DCD9-1936-49C4-9196-B9B6CE3DF74B}"
EndProject
Project("{FAE04EC0-301F-11D3-BF4B-00C04F79EFBC}") = "Web.Portal.Demo.Module", "Web.Portal.Demo.Module\Web.Portal.Demo.Module.csproj", "{BA1DDDC8-DD68-4154-979B-051FCC4EFE0F}"
EndProject
Project("{FAE04EC0-301F-11D3-BF4B-00C04F79EFBC}") = "Web.Portal.Calender.Module", "Web.Portal.Calender.Module\Web.Portal.Calender.Module.csproj", "{AB44C259-E25E-44B3-8D73-5AF27915992E}"
EndProject
Global
	GlobalSection(SolutionConfigurationPlatforms) = preSolution
		Debug|Any CPU = Debug|Any CPU
		Release|Any CPU = Release|Any CPU
	EndGlobalSection
	GlobalSection(ProjectConfigurationPlatforms) = postSolution
		{5B1A0B4B-CF48-4095-B3F0-E1CB6229A2AF}.Debug|Any CPU.ActiveCfg = Debug|Any CPU
		{5B1A0B4B-CF48-4095-B3F0-E1CB6229A2AF}.Debug|Any CPU.Build.0 = Debug|Any CPU
		{5B1A0B4B-CF48-4095-B3F0-E1CB6229A2AF}.Release|Any CPU.ActiveCfg = Release|Any CPU
		{5B1A0B4B-CF48-4095-B3F0-E1CB6229A2AF}.Release|Any CPU.Build.0 = Release|Any CPU
		{C06F50CB-BEA4-43DE-9A13-2A48BFBC4723}.Debug|Any CPU.ActiveCfg = Debug|Any CPU
		{C06F50CB-BEA4-43DE-9A13-2A48BFBC4723}.Debug|Any CPU.Build.0 = Debug|Any CPU
		{C06F50CB-BEA4-43DE-9A13-2A48BFBC4723}.Release|Any CPU.ActiveCfg = Release|Any CPU
		{C06F50CB-BEA4-43DE-9A13-2A48BFBC4723}.Release|Any CPU.Build.0 = Release|Any CPU
		{4F64DCD9-1936-49C4-9196-B9B6CE3DF74B}.Debug|Any CPU.ActiveCfg = Debug|Any CPU
		{4F64DCD9-1936-49C4-9196-B9B6CE3DF74B}.Debug|Any CPU.Build.0 = Debug|Any CPU
		{4F64DCD9-1936-49C4-9196-B9B6CE3DF74B}.Release|Any CPU.ActiveCfg = Release|Any CPU
		{4F64DCD9-1936-49C4-9196-B9B6CE3DF74B}.Release|Any CPU.Build.0 = Release|Any CPU
		{BA1DDDC8-DD68-4154-979B-051FCC4EFE0F}.Debug|Any CPU.ActiveCfg = Debug|Any CPU
		{BA1DDDC8-DD68-4154-979B-051FCC4EFE0F}.Debug|Any CPU.Build.0 = Debug|Any CPU
		{BA1DDDC8-DD68-4154-979B-051FCC4EFE0F}.Release|Any CPU.ActiveCfg = Release|Any CPU
		{BA1DDDC8-DD68-4154-979B-051FCC4EFE0F}.Release|Any CPU.Build.0 = Release|Any CPU
		{AB44C259-E25E-44B3-8D73-5AF27915992E}.Debug|Any CPU.ActiveCfg = Debug|Any CPU
		{AB44C259-E25E-44B3-8D73-5AF27915992E}.Debug|Any CPU.Build.0 = Debug|Any CPU
		{AB44C259-E25E-44B3-8D73-5AF27915992E}.Release|Any CPU.ActiveCfg = Release|Any CPU
		{AB44C259-E25E-44B3-8D73-5AF27915992E}.Release|Any CPU.Build.0 = Release|Any CPU
	EndGlobalSection
	GlobalSection(SolutionProperties) = preSolution
		HideSolutionNode = FALSE
	EndGlobalSection
EndGlobal
